
Microsoft Visual Studio Solution File, Format Version 12.00
# Visual Studio Version 16
VisualStudioVersion = 16.0.30114.105
MinimumVisualStudioVersion = 10.0.40219.1
Project("{FAE04EC0-301F-11D3-BF4B-00C04F79EFBC}") = "BlazorDataBinding", "BlazorDataBinding.csproj", "{91606275-83FA-4BE2-89F0-D766C10BCC5A}"
EndProject
Global
	GlobalSection(SolutionConfigurationPlatforms) = preSolution
		Debug|Any CPU = Debug|Any CPU
		Release|Any CPU = Release|Any CPU
	EndGlobalSection
	GlobalSection(ProjectConfigurationPlatforms) = postSolution
		{91606275-83FA-4BE2-89F0-D766C10BCC5A}.Debug|Any CPU.ActiveCfg = Debug|Any CPU
		{91606275-83FA-4BE2-89F0-D766C10BCC5A}.Debug|Any CPU.Build.0 = Debug|Any CPU
		{91606275-83FA-4BE2-89F0-D766C10BCC5A}.Release|Any CPU.ActiveCfg = Release|Any CPU
		{91606275-83FA-4BE2-89F0-D766C10BCC5A}.Release|Any CPU.Build.0 = Release|Any CPU
	EndGlobalSection
	GlobalSection(SolutionProperties) = preSolution
		HideSolutionNode = FALSE
	EndGlobalSection
	GlobalSection(ExtensibilityGlobals) = postSolution
		SolutionGuid = {7E2B3877-5E80-49B6-9C67-B9CBA13CB660}
	EndGlobalSection
EndGlobal
